
Microsoft Visual Studio Solution File, Format Version 12.00
# Visual Studio Version 17
VisualStudioVersion = 17.7.34024.191
MinimumVisualStudioVersion = 10.0.40219.1
Project("{8BC9CEB8-8B4A-11D0-8D11-00A0C91BC942}") = "Exercise_1", "Exercise_1\Exercise_1.vcxproj", "{82AE6543-4ECA-446F-A97E-B1583B190CB0}"
EndProject
Project("{8BC9CEB8-8B4A-11D0-8D11-00A0C91BC942}") = "Exercise_1_2", "Exercise_1_2\Exercise_1_2.vcxproj", "{41AC6106-465B-4369-848D-D453C9216C5F}"
EndProject
Project("{8BC9CEB8-8B4A-11D0-8D11-00A0C91BC942}") = "Exercise_2", "Exercise_2\Exercise_2.vcxproj", "{646E400F-7564-4A6E-88DA-B15B18EDEAD7}"
EndProject
Project("{8BC9CEB8-8B4A-11D0-8D11-00A0C91BC942}") = "Exercise_3", "Exercise_3\Exercise_3.vcxproj", "{88BCE7F0-5C7D-4BB0-AD34-9A99479C47D2}"
EndProject
Project("{8BC9CEB8-8B4A-11D0-8D11-00A0C91BC942}") = "Exercise_4", "Exercise_4\Exercise_4.vcxproj", "{66EEE40C-5E5E-4D38-9CA6-52C641C8B70D}"
EndProject
Project("{8BC9CEB8-8B4A-11D0-8D11-00A0C91BC942}") = "Exercise_6", "Exercise_5\Exercise_5.vcxproj", "{C82068C4-D60D-4BD4-B640-8D610135ADEF}"
EndProject
Project("{8BC9CEB8-8B4A-11D0-8D11-00A0C91BC942}") = "Exercise_7_1", "Exercise_7\Exercise_7.vcxproj", "{B3DB72ED-806D-46F1-B079-0C9AFFB26B95}"
EndProject
Project("{8BC9CEB8-8B4A-11D0-8D11-00A0C91BC942}") = "Exercise_7_2", "Exercise_7_2\Exercise_7_2.vcxproj", "{482F53D2-04A6-4DF6-81ED-0054707BDEC1}"
EndProject
Project("{8BC9CEB8-8B4A-11D0-8D11-00A0C91BC942}") = "Exercise_7_3", "Exercise_7_3\Exercise_7_3.vcxproj", "{92270B5B-9AFA-4E11-8CB6-36A1AB527CC6}"
EndProject
Project("{8BC9CEB8-8B4A-11D0-8D11-00A0C91BC942}") = "Exercise_7_4", "Exercise_7_4\Exercise_7_4.vcxproj", "{1EC1F6B8-5E15-447E-BBD6-7402592CBEBA}"
EndProject
Project("{8BC9CEB8-8B4A-11D0-8D11-00A0C91BC942}") = "Exercise_7_5", "Exercise_7_5\Exercise_7_5.vcxproj", "{159C253F-66B5-404B-97C0-ED4196446A56}"
EndProject
Project("{8BC9CEB8-8B4A-11D0-8D11-00A0C91BC942}") = "Exercise_7_6", "Exercise_7_6\Exercise_7_6.vcxproj", "{06975965-2D5E-40EE-8DE6-0C3E58D2D96E}"
EndProject
Project("{8BC9CEB8-8B4A-11D0-8D11-00A0C91BC942}") = "Exercise_8", "Exercise_8\Exercise_8.vcxproj", "{8D0722AD-0CEB-40F6-A4B2-CCA4928E5A4A}"
EndProject
Global
	GlobalSection(SolutionConfigurationPlatforms) = preSolution
		Debug|x64 = Debug|x64
		Debug|x86 = Debug|x86
		Release|x64 = Release|x64
		Release|x86 = Release|x86
	EndGlobalSection
	GlobalSection(ProjectConfigurationPlatforms) = postSolution
		{82AE6543-4ECA-446F-A97E-B1583B190CB0}.Debug|x64.ActiveCfg = Debug|x64
		{82AE6543-4ECA-446F-A97E-B1583B190CB0}.Debug|x64.Build.0 = Debug|x64
		{82AE6543-4ECA-446F-A97E-B1583B190CB0}.Debug|x86.ActiveCfg = Debug|Win32
		{82AE6543-4ECA-446F-A97E-B1583B190CB0}.Debug|x86.Build.0 = Debug|Win32
		{82AE6543-4ECA-446F-A97E-B1583B190CB0}.Release|x64.ActiveCfg = Release|x64
		{82AE6543-4ECA-446F-A97E-B1583B190CB0}.Release|x64.Build.0 = Release|x64
		{82AE6543-4ECA-446F-A97E-B1583B190CB0}.Release|x86.ActiveCfg = Release|Win32
		{82AE6543-4ECA-446F-A97E-B1583B190CB0}.Release|x86.Build.0 = Release|Win32
		{41AC6106-465B-4369-848D-D453C9216C5F}.Debug|x64.ActiveCfg = Debug|x64
		{41AC6106-465B-4369-848D-D453C9216C5F}.Debug|x64.Build.0 = Debug|x64
		{41AC6106-465B-4369-848D-D453C9216C5F}.Debug|x86.ActiveCfg = Debug|Win32
		{41AC6106-465B-4369-848D-D453C9216C5F}.Debug|x86.Build.0 = Debug|Win32
		{41AC6106-465B-4369-848D-D453C9216C5F}.Release|x64.ActiveCfg = Release|x64
		{41AC6106-465B-4369-848D-D453C9216C5F}.Release|x64.Build.0 = Release|x64
		{41AC6106-465B-4369-848D-D453C9216C5F}.Release|x86.ActiveCfg = Release|Win32
		{41AC6106-465B-4369-848D-D453C9216C5F}.Release|x86.Build.0 = Release|Win32
		{646E400F-7564-4A6E-88DA-B15B18EDEAD7}.Debug|x64.ActiveCfg = Debug|x64
		{646E400F-7564-4A6E-88DA-B15B18EDEAD7}.Debug|x64.Build.0 = Debug|x64
		{646E400F-7564-4A6E-88DA-B15B18EDEAD7}.Debug|x86.ActiveCfg = Debug|Win32
		{646E400F-7564-4A6E-88DA-B15B18EDEAD7}.Debug|x86.Build.0 = Debug|Win32
		{646E400F-7564-4A6E-88DA-B15B18EDEAD7}.Release|x64.ActiveCfg = Release|x64
		{646E400F-7564-4A6E-88DA-B15B18EDEAD7}.Release|x64.Build.0 = Release|x64
		{646E400F-7564-4A6E-88DA-B15B18EDEAD7}.Release|x86.ActiveCfg = Release|Win32
		{646E400F-7564-4A6E-88DA-B15B18EDEAD7}.Release|x86.Build.0 = Release|Win32
		{88BCE7F0-5C7D-4BB0-AD34-9A99479C47D2}.Debug|x64.ActiveCfg = Debug|x64
		{88BCE7F0-5C7D-4BB0-AD34-9A99479C47D2}.Debug|x64.Build.0 = Debug|x64
		{88BCE7F0-5C7D-4BB0-AD34-9A99479C47D2}.Debug|x86.ActiveCfg = Debug|Win32
		{88BCE7F0-5C7D-4BB0-AD34-9A99479C47D2}.Debug|x86.Build.0 = Debug|Win32
		{88BCE7F0-5C7D-4BB0-AD34-9A99479C47D2}.Release|x64.ActiveCfg = Release|x64
		{88BCE7F0-5C7D-4BB0-AD34-9A99479C47D2}.Release|x64.Build.0 = Release|x64
		{88BCE7F0-5C7D-4BB0-AD34-9A99479C47D2}.Release|x86.ActiveCfg = Release|Win32
		{88BCE7F0-5C7D-4BB0-AD34-9A99479C47D2}.Release|x86.Build.0 = Release|Win32
		{66EEE40C-5E5E-4D38-9CA6-52C641C8B70D}.Debug|x64.ActiveCfg = Debug|x64
		{66EEE40C-5E5E-4D38-9CA6-52C641C8B70D}.Debug|x64.Build.0 = Debug|x64
		{66EEE40C-5E5E-4D38-9CA6-52C641C8B70D}.Debug|x86.ActiveCfg = Debug|Win32
		{66EEE40C-5E5E-4D38-9CA6-52C641C8B70D}.Debug|x86.Build.0 = Debug|Win32
		{66EEE40C-5E5E-4D38-9CA6-52C641C8B70D}.Release|x64.ActiveCfg = Release|x64
		{66EEE40C-5E5E-4D38-9CA6-52C641C8B70D}.Release|x64.Build.0 = Release|x64
		{66EEE40C-5E5E-4D38-9CA6-52C641C8B70D}.Release|x86.ActiveCfg = Release|Win32
		{66EEE40C-5E5E-4D38-9CA6-52C641C8B70D}.Release|x86.Build.0 = Release|Win32
		{C82068C4-D60D-4BD4-B640-8D610135ADEF}.Debug|x64.ActiveCfg = Debug|x64
		{C82068C4-D60D-4BD4-B640-8D610135ADEF}.Debug|x64.Build.0 = Debug|x64
		{C82068C4-D60D-4BD4-B640-8D610135ADEF}.Debug|x86.ActiveCfg = Debug|Win32
		{C82068C4-D60D-4BD4-B640-8D610135ADEF}.Debug|x86.Build.0 = Debug|Win32
		{C82068C4-D60D-4BD4-B640-8D610135ADEF}.Release|x64.ActiveCfg = Release|x64
		{C82068C4-D60D-4BD4-B640-8D610135ADEF}.Release|x64.Build.0 = Release|x64
		{C82068C4-D60D-4BD4-B640-8D610135ADEF}.Release|x86.ActiveCfg = Release|Win32
		{C82068C4-D60D-4BD4-B640-8D610135ADEF}.Release|x86.Build.0 = Release|Win32
		{B3DB72ED-806D-46F1-B079-0C9AFFB26B95}.Debug|x64.ActiveCfg = Debug|x64
		{B3DB72ED-806D-46F1-B079-0C9AFFB26B95}.Debug|x64.Build.0 = Debug|x64
		{B3DB72ED-806D-46F1-B079-0C9AFFB26B95}.Debug|x86.ActiveCfg = Debug|Win32
		{B3DB72ED-806D-46F1-B079-0C9AFFB26B95}.Debug|x86.Build.0 = Debug|Win32
		{B3DB72ED-806D-46F1-B079-0C9AFFB26B95}.Release|x64.ActiveCfg = Release|x64
		{B3DB72ED-806D-46F1-B079-0C9AFFB26B95}.Release|x64.Build.0 = Release|x64
		{B3DB72ED-806D-46F1-B079-0C9AFFB26B95}.Release|x86.ActiveCfg = Release|Win32
		{B3DB72ED-806D-46F1-B079-0C9AFFB26B95}.Release|x86.Build.0 = Release|Win32
		{482F53D2-04A6-4DF6-81ED-0054707BDEC1}.Debug|x64.ActiveCfg = Debug|x64
		{482F53D2-04A6-4DF6-81ED-0054707BDEC1}.Debug|x64.Build.0 = Debug|x64
		{482F53D2-04A6-4DF6-81ED-0054707BDEC1}.Debug|x86.ActiveCfg = Debug|Win32
		{482F53D2-04A6-4DF6-81ED-0054707BDEC1}.Debug|x86.Build.0 = Debug|Win32
		{482F53D2-04A6-4DF6-81ED-0054707BDEC1}.Release|x64.ActiveCfg = Release|x64
		{482F53D2-04A6-4DF6-81ED-0054707BDEC1}.Release|x64.Build.0 = Release|x64
		{482F53D2-04A6-4DF6-81ED-0054707BDEC1}.Release|x86.ActiveCfg = Release|Win32
		{482F53D2-04A6-4DF6-81ED-0054707BDEC1}.Release|x86.Build.0 = Release|Win32
		{92270B5B-9AFA-4E11-8CB6-36A1AB527CC6}.Debug|x64.ActiveCfg = Debug|x64
		{92270B5B-9AFA-4E11-8CB6-36A1AB527CC6}.Debug|x64.Build.0 = Debug|x64
		{92270B5B-9AFA-4E11-8CB6-36A1AB527CC6}.Debug|x86.ActiveCfg = Debug|Win32
		{92270B5B-9AFA-4E11-8CB6-36A1AB527CC6}.Debug|x86.Build.0 = Debug|Win32
		{92270B5B-9AFA-4E11-8CB6-36A1AB527CC6}.Release|x64.ActiveCfg = Release|x64
		{92270B5B-9AFA-4E11-8CB6-36A1AB527CC6}.Release|x64.Build.0 = Release|x64
		{92270B5B-9AFA-4E11-8CB6-36A1AB527CC6}.Release|x86.ActiveCfg = Release|Win32
		{92270B5B-9AFA-4E11-8CB6-36A1AB527CC6}.Release|x86.Build.0 = Release|Win32
		{1EC1F6B8-5E15-447E-BBD6-7402592CBEBA}.Debug|x64.ActiveCfg = Debug|x64
		{1EC1F6B8-5E15-447E-BBD6-7402592CBEBA}.Debug|x64.Build.0 = Debug|x64
		{1EC1F6B8-5E15-447E-BBD6-7402592CBEBA}.Debug|x86.ActiveCfg = Debug|Win32
		{1EC1F6B8-5E15-447E-BBD6-7402592CBEBA}.Debug|x86.Build.0 = Debug|Win32
		{1EC1F6B8-5E15-447E-BBD6-7402592CBEBA}.Release|x64.ActiveCfg = Release|x64
		{1EC1F6B8-5E15-447E-BBD6-7402592CBEBA}.Release|x64.Build.0 = Release|x64
		{1EC1F6B8-5E15-447E-BBD6-7402592CBEBA}.Release|x86.ActiveCfg = Release|Win32
		{1EC1F6B8-5E15-447E-BBD6-7402592CBEBA}.Release|x86.Build.0 = Release|Win32
		{159C253F-66B5-404B-97C0-ED4196446A56}.Debug|x64.ActiveCfg = Debug|x64
		{159C253F-66B5-404B-97C0-ED4196446A56}.Debug|x64.Build.0 = Debug|x64
		{159C253F-66B5-404B-97C0-ED4196446A56}.Debug|x86.ActiveCfg = Debug|Win32
		{159C253F-66B5-404B-97C0-ED4196446A56}.Debug|x86.Build.0 = Debug|Win32
		{159C253F-66B5-404B-97C0-ED4196446A56}.Release|x64.ActiveCfg = Release|x64
		{159C253F-66B5-404B-97C0-ED4196446A56}.Release|x64.Build.0 = Release|x64
		{159C253F-66B5-404B-97C0-ED4196446A56}.Release|x86.ActiveCfg = Release|Win32
		{159C253F-66B5-404B-97C0-ED4196446A56}.Release|x86.Build.0 = Release|Win32
		{06975965-2D5E-40EE-8DE6-0C3E58D2D96E}.Debug|x64.ActiveCfg = Debug|x64
		{06975965-2D5E-40EE-8DE6-0C3E58D2D96E}.Debug|x64.Build.0 = Debug|x64
		{06975965-2D5E-40EE-8DE6-0C3E58D2D96E}.Debug|x86.ActiveCfg = Debug|Win32
		{06975965-2D5E-40EE-8DE6-0C3E58D2D96E}.Debug|x86.Build.0 = Debug|Win32
		{06975965-2D5E-40EE-8DE6-0C3E58D2D96E}.Release|x64.ActiveCfg = Release|x64
		{06975965-2D5E-40EE-8DE6-0C3E58D2D96E}.Release|x64.Build.0 = Release|x64
		{06975965-2D5E-40EE-8DE6-0C3E58D2D96E}.Release|x86.ActiveCfg = Release|Win32
		{06975965-2D5E-40EE-8DE6-0C3E58D2D96E}.Release|x86.Build.0 = Release|Win32
		{8D0722AD-0CEB-40F6-A4B2-CCA4928E5A4A}.Debug|x64.ActiveCfg = Debug|x64
		{8D0722AD-0CEB-40F6-A4B2-CCA4928E5A4A}.Debug|x64.Build.0 = Debug|x64
		{8D0722AD-0CEB-40F6-A4B2-CCA4928E5A4A}.Debug|x86.ActiveCfg = Debug|Win32
		{8D0722AD-0CEB-40F6-A4B2-CCA4928E5A4A}.Debug|x86.Build.0 = Debug|Win32
		{8D0722AD-0CEB-40F6-A4B2-CCA4928E5A4A}.Release|x64.ActiveCfg = Release|x64
		{8D0722AD-0CEB-40F6-A4B2-CCA4928E5A4A}.Release|x64.Build.0 = Release|x64
		{8D0722AD-0CEB-40F6-A4B2-CCA4928E5A4A}.Release|x86.ActiveCfg = Release|Win32
		{8D0722AD-0CEB-40F6-A4B2-CCA4928E5A4A}.Release|x86.Build.0 = Release|Win32
	EndGlobalSection
	GlobalSection(SolutionProperties) = preSolution
		HideSolutionNode = FALSE
	EndGlobalSection
	GlobalSection(ExtensibilityGlobals) = postSolution
		SolutionGuid = {69396172-65A5-487A-A67E-0C8949828641}
	EndGlobalSection
EndGlobal
