
Microsoft Visual Studio Solution File, Format Version 12.00
# Visual Studio Version 17
VisualStudioVersion = 17.7.34024.191
MinimumVisualStudioVersion = 10.0.40219.1
Project("{8BC9CEB8-8B4A-11D0-8D11-00A0C91BC942}") = "Exercise_1", "Exercise_1\Exercise_1.vcxproj", "{56D883AB-0B8F-4BF8-8B45-37E5B3B33CC4}"
EndProject
Project("{8BC9CEB8-8B4A-11D0-8D11-00A0C91BC942}") = "Exercise_2_1", "Exercise_2\Exercise_2.vcxproj", "{4BA3ABB3-08E6-4068-AF4D-887DC383F6E9}"
EndProject
Project("{8BC9CEB8-8B4A-11D0-8D11-00A0C91BC942}") = "Exercise_2_2", "Exercise_2_2\Exercise_2_2.vcxproj", "{C43E917E-013D-4A1D-86A9-A4FED1BBB8A9}"
EndProject
Project("{8BC9CEB8-8B4A-11D0-8D11-00A0C91BC942}") = "Exercise_3", "Exercise_3\Exercise_3.vcxproj", "{EA0797FD-1DF8-466C-88D5-ADE0C9183753}"
EndProject
Project("{8BC9CEB8-8B4A-11D0-8D11-00A0C91BC942}") = "Exercise_4_1", "Exercise_4_1\Exercise_4_1.vcxproj", "{38D801DB-A6B1-4FB7-AD91-09643668E284}"
EndProject
Project("{8BC9CEB8-8B4A-11D0-8D11-00A0C91BC942}") = "Exercise_4_2", "Exercise_4_2\Exercise_4_2.vcxproj", "{DB2ED9B5-B7AA-4571-AC92-D7E044F06077}"
EndProject
Project("{8BC9CEB8-8B4A-11D0-8D11-00A0C91BC942}") = "Exercise_5_1", "Exercise_5_1\Exercise_5_1.vcxproj", "{F5A7D3A2-4D67-473B-B82E-A6848B9094EB}"
EndProject
Project("{8BC9CEB8-8B4A-11D0-8D11-00A0C91BC942}") = "Exercise_5_3", "Exercise_5_2\Exercise_5_2.vcxproj", "{5392460C-64B5-4DA6-944F-056845535B71}"
EndProject
Project("{8BC9CEB8-8B4A-11D0-8D11-00A0C91BC942}") = "Exercise_5_2", "Exercise_5_3\Exercise_5_3.vcxproj", "{EDA751D4-9333-423B-814A-2FB3A230B24C}"
EndProject
Project("{8BC9CEB8-8B4A-11D0-8D11-00A0C91BC942}") = "Exercise_5_4", "Exercise_5_4\Exercise_5_4.vcxproj", "{4FF4DBAE-B334-429F-A8B1-D165B66B3CC6}"
EndProject
Project("{8BC9CEB8-8B4A-11D0-8D11-00A0C91BC942}") = "Exercise_5_5", "Exercise_5_5\Exercise_5_5.vcxproj", "{3D0B7B41-8A49-4234-91E4-CA80EDA99767}"
EndProject
Project("{8BC9CEB8-8B4A-11D0-8D11-00A0C91BC942}") = "Exercise_5_6", "Exercise_5_6\Exercise_5_6.vcxproj", "{E094075A-AE1A-4C67-911C-C6E7CF93B665}"
EndProject
Project("{8BC9CEB8-8B4A-11D0-8D11-00A0C91BC942}") = "Exercise_5_7", "Exercise_5_7\Exercise_5_7.vcxproj", "{D622CDA3-BA17-48B2-9666-98B6A2721975}"
EndProject
Global
	GlobalSection(SolutionConfigurationPlatforms) = preSolution
		Debug|x64 = Debug|x64
		Debug|x86 = Debug|x86
		Release|x64 = Release|x64
		Release|x86 = Release|x86
	EndGlobalSection
	GlobalSection(ProjectConfigurationPlatforms) = postSolution
		{56D883AB-0B8F-4BF8-8B45-37E5B3B33CC4}.Debug|x64.ActiveCfg = Debug|x64
		{56D883AB-0B8F-4BF8-8B45-37E5B3B33CC4}.Debug|x64.Build.0 = Debug|x64
		{56D883AB-0B8F-4BF8-8B45-37E5B3B33CC4}.Debug|x86.ActiveCfg = Debug|Win32
		{56D883AB-0B8F-4BF8-8B45-37E5B3B33CC4}.Debug|x86.Build.0 = Debug|Win32
		{56D883AB-0B8F-4BF8-8B45-37E5B3B33CC4}.Release|x64.ActiveCfg = Release|x64
		{56D883AB-0B8F-4BF8-8B45-37E5B3B33CC4}.Release|x64.Build.0 = Release|x64
		{56D883AB-0B8F-4BF8-8B45-37E5B3B33CC4}.Release|x86.ActiveCfg = Release|Win32
		{56D883AB-0B8F-4BF8-8B45-37E5B3B33CC4}.Release|x86.Build.0 = Release|Win32
		{4BA3ABB3-08E6-4068-AF4D-887DC383F6E9}.Debug|x64.ActiveCfg = Debug|x64
		{4BA3ABB3-08E6-4068-AF4D-887DC383F6E9}.Debug|x64.Build.0 = Debug|x64
		{4BA3ABB3-08E6-4068-AF4D-887DC383F6E9}.Debug|x86.ActiveCfg = Debug|Win32
		{4BA3ABB3-08E6-4068-AF4D-887DC383F6E9}.Debug|x86.Build.0 = Debug|Win32
		{4BA3ABB3-08E6-4068-AF4D-887DC383F6E9}.Release|x64.ActiveCfg = Release|x64
		{4BA3ABB3-08E6-4068-AF4D-887DC383F6E9}.Release|x64.Build.0 = Release|x64
		{4BA3ABB3-08E6-4068-AF4D-887DC383F6E9}.Release|x86.ActiveCfg = Release|Win32
		{4BA3ABB3-08E6-4068-AF4D-887DC383F6E9}.Release|x86.Build.0 = Release|Win32
		{C43E917E-013D-4A1D-86A9-A4FED1BBB8A9}.Debug|x64.ActiveCfg = Debug|x64
		{C43E917E-013D-4A1D-86A9-A4FED1BBB8A9}.Debug|x64.Build.0 = Debug|x64
		{C43E917E-013D-4A1D-86A9-A4FED1BBB8A9}.Debug|x86.ActiveCfg = Debug|Win32
		{C43E917E-013D-4A1D-86A9-A4FED1BBB8A9}.Debug|x86.Build.0 = Debug|Win32
		{C43E917E-013D-4A1D-86A9-A4FED1BBB8A9}.Release|x64.ActiveCfg = Release|x64
		{C43E917E-013D-4A1D-86A9-A4FED1BBB8A9}.Release|x64.Build.0 = Release|x64
		{C43E917E-013D-4A1D-86A9-A4FED1BBB8A9}.Release|x86.ActiveCfg = Release|Win32
		{C43E917E-013D-4A1D-86A9-A4FED1BBB8A9}.Release|x86.Build.0 = Release|Win32
		{EA0797FD-1DF8-466C-88D5-ADE0C9183753}.Debug|x64.ActiveCfg = Debug|x64
		{EA0797FD-1DF8-466C-88D5-ADE0C9183753}.Debug|x64.Build.0 = Debug|x64
		{EA0797FD-1DF8-466C-88D5-ADE0C9183753}.Debug|x86.ActiveCfg = Debug|Win32
		{EA0797FD-1DF8-466C-88D5-ADE0C9183753}.Debug|x86.Build.0 = Debug|Win32
		{EA0797FD-1DF8-466C-88D5-ADE0C9183753}.Release|x64.ActiveCfg = Release|x64
		{EA0797FD-1DF8-466C-88D5-ADE0C9183753}.Release|x64.Build.0 = Release|x64
		{EA0797FD-1DF8-466C-88D5-ADE0C9183753}.Release|x86.ActiveCfg = Release|Win32
		{EA0797FD-1DF8-466C-88D5-ADE0C9183753}.Release|x86.Build.0 = Release|Win32
		{38D801DB-A6B1-4FB7-AD91-09643668E284}.Debug|x64.ActiveCfg = Debug|x64
		{38D801DB-A6B1-4FB7-AD91-09643668E284}.Debug|x64.Build.0 = Debug|x64
		{38D801DB-A6B1-4FB7-AD91-09643668E284}.Debug|x86.ActiveCfg = Debug|Win32
		{38D801DB-A6B1-4FB7-AD91-09643668E284}.Debug|x86.Build.0 = Debug|Win32
		{38D801DB-A6B1-4FB7-AD91-09643668E284}.Release|x64.ActiveCfg = Release|x64
		{38D801DB-A6B1-4FB7-AD91-09643668E284}.Release|x64.Build.0 = Release|x64
		{38D801DB-A6B1-4FB7-AD91-09643668E284}.Release|x86.ActiveCfg = Release|Win32
		{38D801DB-A6B1-4FB7-AD91-09643668E284}.Release|x86.Build.0 = Release|Win32
		{DB2ED9B5-B7AA-4571-AC92-D7E044F06077}.Debug|x64.ActiveCfg = Debug|x64
		{DB2ED9B5-B7AA-4571-AC92-D7E044F06077}.Debug|x64.Build.0 = Debug|x64
		{DB2ED9B5-B7AA-4571-AC92-D7E044F06077}.Debug|x86.ActiveCfg = Debug|Win32
		{DB2ED9B5-B7AA-4571-AC92-D7E044F06077}.Debug|x86.Build.0 = Debug|Win32
		{DB2ED9B5-B7AA-4571-AC92-D7E044F06077}.Release|x64.ActiveCfg = Release|x64
		{DB2ED9B5-B7AA-4571-AC92-D7E044F06077}.Release|x64.Build.0 = Release|x64
		{DB2ED9B5-B7AA-4571-AC92-D7E044F06077}.Release|x86.ActiveCfg = Release|Win32
		{DB2ED9B5-B7AA-4571-AC92-D7E044F06077}.Release|x86.Build.0 = Release|Win32
		{F5A7D3A2-4D67-473B-B82E-A6848B9094EB}.Debug|x64.ActiveCfg = Debug|x64
		{F5A7D3A2-4D67-473B-B82E-A6848B9094EB}.Debug|x64.Build.0 = Debug|x64
		{F5A7D3A2-4D67-473B-B82E-A6848B9094EB}.Debug|x86.ActiveCfg = Debug|Win32
		{F5A7D3A2-4D67-473B-B82E-A6848B9094EB}.Debug|x86.Build.0 = Debug|Win32
		{F5A7D3A2-4D67-473B-B82E-A6848B9094EB}.Release|x64.ActiveCfg = Release|x64
		{F5A7D3A2-4D67-473B-B82E-A6848B9094EB}.Release|x64.Build.0 = Release|x64
		{F5A7D3A2-4D67-473B-B82E-A6848B9094EB}.Release|x86.ActiveCfg = Release|Win32
		{F5A7D3A2-4D67-473B-B82E-A6848B9094EB}.Release|x86.Build.0 = Release|Win32
		{5392460C-64B5-4DA6-944F-056845535B71}.Debug|x64.ActiveCfg = Debug|x64
		{5392460C-64B5-4DA6-944F-056845535B71}.Debug|x64.Build.0 = Debug|x64
		{5392460C-64B5-4DA6-944F-056845535B71}.Debug|x86.ActiveCfg = Debug|Win32
		{5392460C-64B5-4DA6-944F-056845535B71}.Debug|x86.Build.0 = Debug|Win32
		{5392460C-64B5-4DA6-944F-056845535B71}.Release|x64.ActiveCfg = Release|x64
		{5392460C-64B5-4DA6-944F-056845535B71}.Release|x64.Build.0 = Release|x64
		{5392460C-64B5-4DA6-944F-056845535B71}.Release|x86.ActiveCfg = Release|Win32
		{5392460C-64B5-4DA6-944F-056845535B71}.Release|x86.Build.0 = Release|Win32
		{EDA751D4-9333-423B-814A-2FB3A230B24C}.Debug|x64.ActiveCfg = Debug|x64
		{EDA751D4-9333-423B-814A-2FB3A230B24C}.Debug|x64.Build.0 = Debug|x64
		{EDA751D4-9333-423B-814A-2FB3A230B24C}.Debug|x86.ActiveCfg = Debug|Win32
		{EDA751D4-9333-423B-814A-2FB3A230B24C}.Debug|x86.Build.0 = Debug|Win32
		{EDA751D4-9333-423B-814A-2FB3A230B24C}.Release|x64.ActiveCfg = Release|x64
		{EDA751D4-9333-423B-814A-2FB3A230B24C}.Release|x64.Build.0 = Release|x64
		{EDA751D4-9333-423B-814A-2FB3A230B24C}.Release|x86.ActiveCfg = Release|Win32
		{EDA751D4-9333-423B-814A-2FB3A230B24C}.Release|x86.Build.0 = Release|Win32
		{4FF4DBAE-B334-429F-A8B1-D165B66B3CC6}.Debug|x64.ActiveCfg = Debug|x64
		{4FF4DBAE-B334-429F-A8B1-D165B66B3CC6}.Debug|x64.Build.0 = Debug|x64
		{4FF4DBAE-B334-429F-A8B1-D165B66B3CC6}.Debug|x86.ActiveCfg = Debug|Win32
		{4FF4DBAE-B334-429F-A8B1-D165B66B3CC6}.Debug|x86.Build.0 = Debug|Win32
		{4FF4DBAE-B334-429F-A8B1-D165B66B3CC6}.Release|x64.ActiveCfg = Release|x64
		{4FF4DBAE-B334-429F-A8B1-D165B66B3CC6}.Release|x64.Build.0 = Release|x64
		{4FF4DBAE-B334-429F-A8B1-D165B66B3CC6}.Release|x86.ActiveCfg = Release|Win32
		{4FF4DBAE-B334-429F-A8B1-D165B66B3CC6}.Release|x86.Build.0 = Release|Win32
		{3D0B7B41-8A49-4234-91E4-CA80EDA99767}.Debug|x64.ActiveCfg = Debug|x64
		{3D0B7B41-8A49-4234-91E4-CA80EDA99767}.Debug|x64.Build.0 = Debug|x64
		{3D0B7B41-8A49-4234-91E4-CA80EDA99767}.Debug|x86.ActiveCfg = Debug|Win32
		{3D0B7B41-8A49-4234-91E4-CA80EDA99767}.Debug|x86.Build.0 = Debug|Win32
		{3D0B7B41-8A49-4234-91E4-CA80EDA99767}.Release|x64.ActiveCfg = Release|x64
		{3D0B7B41-8A49-4234-91E4-CA80EDA99767}.Release|x64.Build.0 = Release|x64
		{3D0B7B41-8A49-4234-91E4-CA80EDA99767}.Release|x86.ActiveCfg = Release|Win32
		{3D0B7B41-8A49-4234-91E4-CA80EDA99767}.Release|x86.Build.0 = Release|Win32
		{E094075A-AE1A-4C67-911C-C6E7CF93B665}.Debug|x64.ActiveCfg = Debug|x64
		{E094075A-AE1A-4C67-911C-C6E7CF93B665}.Debug|x64.Build.0 = Debug|x64
		{E094075A-AE1A-4C67-911C-C6E7CF93B665}.Debug|x86.ActiveCfg = Debug|Win32
		{E094075A-AE1A-4C67-911C-C6E7CF93B665}.Debug|x86.Build.0 = Debug|Win32
		{E094075A-AE1A-4C67-911C-C6E7CF93B665}.Release|x64.ActiveCfg = Release|x64
		{E094075A-AE1A-4C67-911C-C6E7CF93B665}.Release|x64.Build.0 = Release|x64
		{E094075A-AE1A-4C67-911C-C6E7CF93B665}.Release|x86.ActiveCfg = Release|Win32
		{E094075A-AE1A-4C67-911C-C6E7CF93B665}.Release|x86.Build.0 = Release|Win32
		{D622CDA3-BA17-48B2-9666-98B6A2721975}.Debug|x64.ActiveCfg = Debug|x64
		{D622CDA3-BA17-48B2-9666-98B6A2721975}.Debug|x64.Build.0 = Debug|x64
		{D622CDA3-BA17-48B2-9666-98B6A2721975}.Debug|x86.ActiveCfg = Debug|Win32
		{D622CDA3-BA17-48B2-9666-98B6A2721975}.Debug|x86.Build.0 = Debug|Win32
		{D622CDA3-BA17-48B2-9666-98B6A2721975}.Release|x64.ActiveCfg = Release|x64
		{D622CDA3-BA17-48B2-9666-98B6A2721975}.Release|x64.Build.0 = Release|x64
		{D622CDA3-BA17-48B2-9666-98B6A2721975}.Release|x86.ActiveCfg = Release|Win32
		{D622CDA3-BA17-48B2-9666-98B6A2721975}.Release|x86.Build.0 = Release|Win32
	EndGlobalSection
	GlobalSection(SolutionProperties) = preSolution
		HideSolutionNode = FALSE
	EndGlobalSection
	GlobalSection(ExtensibilityGlobals) = postSolution
		SolutionGuid = {C4378CB7-182E-4F0C-A57A-DB87A13EF21D}
	EndGlobalSection
EndGlobal
